
Microsoft Visual Studio Solution File, Format Version 12.00
# Visual Studio Version 17
VisualStudioVersion = 17.1.32104.313
MinimumVisualStudioVersion = 10.0.40219.1
Project("{9A19103F-16F7-4668-BE54-9A1E7A4F7556}") = "kaprekars.constant.core", "kaprekars.constant.core\kaprekars.constant.core.csproj", "{2BF4C29F-2863-4311-A7D0-EC9F8BA84C76}"
EndProject
Project("{9A19103F-16F7-4668-BE54-9A1E7A4F7556}") = "kaprekars.constant.data", "kaprekars.constant.data\kaprekars.constant.data.csproj", "{0A229ED6-F084-469B-AF71-BD675A2D2C46}"
EndProject
Project("{9A19103F-16F7-4668-BE54-9A1E7A4F7556}") = "kaprekars.constant.services", "kaprekars.constant.services\kaprekars.constant.services.csproj", "{BDDD1464-FCEB-4C44-AE4F-34E26F12F879}"
EndProject
Project("{9A19103F-16F7-4668-BE54-9A1E7A4F7556}") = "kaprekars.constant.tests", "kaprekars.constant.tests\kaprekars.constant.tests.csproj", "{C66019DF-A0D7-48AD-ADE8-55ADF8CB7982}"
EndProject
Project("{2150E333-8FDC-42A3-9474-1A3956D46DE8}") = "Solution Items", "Solution Items", "{6CCC3A6D-164F-467B-AA9C-6E0B1CE75A65}"
	ProjectSection(SolutionItems) = preProject
		LICENSE = LICENSE
		README.md = README.md
	EndProjectSection
EndProject
Global
	GlobalSection(SolutionConfigurationPlatforms) = preSolution
		Debug|Any CPU = Debug|Any CPU
		Release|Any CPU = Release|Any CPU
	EndGlobalSection
	GlobalSection(ProjectConfigurationPlatforms) = postSolution
		{2BF4C29F-2863-4311-A7D0-EC9F8BA84C76}.Debug|Any CPU.ActiveCfg = Debug|Any CPU
		{2BF4C29F-2863-4311-A7D0-EC9F8BA84C76}.Debug|Any CPU.Build.0 = Debug|Any CPU
		{2BF4C29F-2863-4311-A7D0-EC9F8BA84C76}.Release|Any CPU.ActiveCfg = Release|Any CPU
		{2BF4C29F-2863-4311-A7D0-EC9F8BA84C76}.Release|Any CPU.Build.0 = Release|Any CPU
		{0A229ED6-F084-469B-AF71-BD675A2D2C46}.Debug|Any CPU.ActiveCfg = Debug|Any CPU
		{0A229ED6-F084-469B-AF71-BD675A2D2C46}.Debug|Any CPU.Build.0 = Debug|Any CPU
		{0A229ED6-F084-469B-AF71-BD675A2D2C46}.Release|Any CPU.ActiveCfg = Release|Any CPU
		{0A229ED6-F084-469B-AF71-BD675A2D2C46}.Release|Any CPU.Build.0 = Release|Any CPU
		{BDDD1464-FCEB-4C44-AE4F-34E26F12F879}.Debug|Any CPU.ActiveCfg = Debug|Any CPU
		{BDDD1464-FCEB-4C44-AE4F-34E26F12F879}.Debug|Any CPU.Build.0 = Debug|Any CPU
		{BDDD1464-FCEB-4C44-AE4F-34E26F12F879}.Release|Any CPU.ActiveCfg = Release|Any CPU
		{BDDD1464-FCEB-4C44-AE4F-34E26F12F879}.Release|Any CPU.Build.0 = Release|Any CPU
		{C66019DF-A0D7-48AD-ADE8-55ADF8CB7982}.Debug|Any CPU.ActiveCfg = Debug|Any CPU
		{C66019DF-A0D7-48AD-ADE8-55ADF8CB7982}.Debug|Any CPU.Build.0 = Debug|Any CPU
		{C66019DF-A0D7-48AD-ADE8-55ADF8CB7982}.Release|Any CPU.ActiveCfg = Release|Any CPU
		{C66019DF-A0D7-48AD-ADE8-55ADF8CB7982}.Release|Any CPU.Build.0 = Release|Any CPU
	EndGlobalSection
	GlobalSection(SolutionProperties) = preSolution
		HideSolutionNode = FALSE
	EndGlobalSection
	GlobalSection(ExtensibilityGlobals) = postSolution
		SolutionGuid = {F858FCB0-6EE7-40FB-BE27-C5A78124843E}
	EndGlobalSection
EndGlobal
